
Microsoft Visual Studio Solution File, Format Version 12.00
# Visual Studio Version 16
VisualStudioVersion = 16.0.30611.23
MinimumVisualStudioVersion = 10.0.40219.1
Project("{FAE04EC0-301F-11D3-BF4B-00C04F79EFBC}") = "ReactWebBackend", "ReactWebBackend\ReactWebBackend.csproj", "{637FDC37-A7AE-46A1-AB7E-7782197D8D3B}"
EndProject
Global
	GlobalSection(SolutionConfigurationPlatforms) = preSolution
		Debug|Any CPU = Debug|Any CPU
		Release|Any CPU = Release|Any CPU
	EndGlobalSection
	GlobalSection(ProjectConfigurationPlatforms) = postSolution
		{637FDC37-A7AE-46A1-AB7E-7782197D8D3B}.Debug|Any CPU.ActiveCfg = Debug|Any CPU
		{637FDC37-A7AE-46A1-AB7E-7782197D8D3B}.Debug|Any CPU.Build.0 = Debug|Any CPU
		{637FDC37-A7AE-46A1-AB7E-7782197D8D3B}.Release|Any CPU.ActiveCfg = Release|Any CPU
		{637FDC37-A7AE-46A1-AB7E-7782197D8D3B}.Release|Any CPU.Build.0 = Release|Any CPU
	EndGlobalSection
	GlobalSection(SolutionProperties) = preSolution
		HideSolutionNode = FALSE
	EndGlobalSection
	GlobalSection(ExtensibilityGlobals) = postSolution
		SolutionGuid = {9238CE41-D8D1-4772-932D-9B459FBCC5D7}
	EndGlobalSection
EndGlobal
